# This file is autogenerated, do not edit; changes may be undone by the next 'dep ensure'.


[[projects]]
  name = "github.com/golang/mock"
  packages = ["gomock"]
  revision = "13f360950a79f5864a972c786a10a50e44b69541"
  version = "v1.0.0"

[[projects]]
  name = "github.com/kennygrant/sanitize"
  packages = ["."]
  revision = "2e6820834a1f36c626bf19a253b7d3cc060e9b8b"
  version = "v1.2.3"

[[projects]]
  branch = "sasl-auth"
  name = "github.com/lfkeitel/goirc"
  packages = [
    "client",
    "logging",
    "state"
  ]
  revision = "596625034779ca2aece9737567e6845659a516a5"

[[projects]]
  name = "github.com/naoina/go-stringutil"
  packages = ["."]
  revision = "6b638e95a32d0c1131db0e7fe83775cbea4a0d0b"
  version = "v0.1.0"

[[projects]]
  branch = "master"
  name = "github.com/naoina/toml"
  packages = [
    ".",
    "ast"
  ]
  revision = "9fafd69674167c06933b1787ae235618431ce87f"

[[projects]]
  branch = "master"
  name = "golang.org/x/net"
  packages = [
    "html",
    "html/atom",
    "proxy"
  ]
  revision = "136a25c244d3019482a795d728110278d6ba09a4"

[solve-meta]
  analyzer-name = "dep"
  analyzer-version = 1
  inputs-digest = "cd3265b2cd0f7fb566e620010f2c1b307cdab6ab241f0ef94091ed4cccb4982d"
  solver-name = "gps-cdcl"
  solver-version = 1
